<?xml version="1.0" encoding="utf-8"?>
<Project ToolsVersion="4.0" xmlns="http://schemas.microsoft.com/developer/msbuild/2003">
  <ItemGroup>
    <Filter Include="Source Files">
      <UniqueIdentifier>{4FC737F1-C7A5-4376-A066-2A32D752A2FF}</UniqueIdentifier>
      <Extensions>cpp;c;cc;cxx;def;odl;idl;hpj;bat;asm;asmx</Extensions>
    </Filter>
    <Filter Include="Header Files">
      <UniqueIdentifier>{93995380-89BD-4b04-88EB-625FBE52EBFB}</UniqueIdentifier>
      <Extensions>h;hh;hpp;hxx;hm;inl;inc;xsd</Extensions>
    </Filter>
    <Filter Include="Resource Files">
      <UniqueIdentifier>{67DA6AB6-F800-4c08-8B7A-83BB121AAD01}</UniqueIdentifier>
      <Extensions>rc;ico;cur;bmp;dlg;rc2;rct;bin;rgs;gif;jpg;jpeg;jpe;resx;tiff;tif;png;wav</Extensions>
    </Filter>
  </ItemGroup>
  <ItemGroup>
    <ClInclude Include="external\nifly\include\Animation.hpp">
      <Filter>Header Files</Filter>
    </ClInclude>
    <ClInclude Include="external\nifly\include\BasicTypes.hpp">
      <Filter>Header Files</Filter>
    </ClInclude>
    <ClInclude Include="external\nifly\include\bhk.hpp">
      <Filter>Header Files</Filter>
    </ClInclude>
    <ClInclude Include="external\nifly\include\ExtraData.hpp">
      <Filter>Header Files</Filter>
    </ClInclude>
    <ClInclude Include="external\nifly\include\Factory.hpp">
      <Filter>Header Files</Filter>
    </ClInclude>
    <ClInclude Include="external\nifly\include\Geometry.hpp">
      <Filter>Header Files</Filter>
    </ClInclude>
    <ClInclude Include="external\nifly\include\KDMatcher.hpp">
      <Filter>Header Files</Filter>
    </ClInclude>
    <ClInclude Include="external\nifly\include\Keys.hpp">
      <Filter>Header Files</Filter>
    </ClInclude>
    <ClInclude Include="external\nifly\include\NifFile.hpp">
      <Filter>Header Files</Filter>
    </ClInclude>
    <ClInclude Include="external\nifly\include\NifUtil.hpp">
      <Filter>Header Files</Filter>
    </ClInclude>
    <ClInclude Include="external\nifly\include\Nodes.hpp">
      <Filter>Header Files</Filter>
    </ClInclude>
    <ClInclude Include="external\nifly\include\Object3d.hpp">
      <Filter>Header Files</Filter>
    </ClInclude>
    <ClInclude Include="external\nifly\include\Objects.hpp">
      <Filter>Header Files</Filter>
    </ClInclude>
    <ClInclude Include="external\nifly\include\Particles.hpp">
      <Filter>Header Files</Filter>
    </ClInclude>
    <ClInclude Include="external\nifly\include\Shaders.hpp">
      <Filter>Header Files</Filter>
    </ClInclude>
    <ClInclude Include="external\nifly\include\Skin.hpp">
      <Filter>Header Files</Filter>
    </ClInclude>
    <ClInclude Include="external\nifly\include\VertexData.hpp">
      <Filter>Header Files</Filter>
    </ClInclude>
  </ItemGroup>
  <ItemGroup>
    <ClCompile Include="external\nifly\src\Animation.cpp">
      <Filter>Source Files</Filter>
    </ClCompile>
    <ClCompile Include="external\nifly\src\BasicTypes.cpp">
      <Filter>Source Files</Filter>
    </ClCompile>
    <ClCompile Include="external\nifly\src\bhk.cpp">
      <Filter>Source Files</Filter>
    </ClCompile>
    <ClCompile Include="external\nifly\src\ExtraData.cpp">
      <Filter>Source Files</Filter>
    </ClCompile>
    <ClCompile Include="external\nifly\src\Factory.cpp">
      <Filter>Source Files</Filter>
    </ClCompile>
    <ClCompile Include="external\nifly\src\Geometry.cpp">
      <Filter>Source Files</Filter>
    </ClCompile>
    <ClCompile Include="external\nifly\src\NifFile.cpp">
      <Filter>Source Files</Filter>
    </ClCompile>
    <ClCompile Include="external\nifly\src\Nodes.cpp">
      <Filter>Source Files</Filter>
    </ClCompile>
    <ClCompile Include="external\nifly\src\Object3d.cpp">
      <Filter>Source Files</Filter>
    </ClCompile>
    <ClCompile Include="external\nifly\src\Objects.cpp">
      <Filter>Source Files</Filter>
    </ClCompile>
    <ClCompile Include="external\nifly\src\Particles.cpp">
      <Filter>Source Files</Filter>
    </ClCompile>
    <ClCompile Include="external\nifly\src\Shaders.cpp">
      <Filter>Source Files</Filter>
    </ClCompile>
    <ClCompile Include="external\nifly\src\Skin.cpp">
      <Filter>Source Files</Filter>
    </ClCompile>
  </ItemGroup>
</Project>